{
  "version": "5",
  "specifiers": {
    "jsr:@phughesmcr/bitpool@0.8": "0.8.0",
    "jsr:@phughesmcr/booleanarray@0.12": "0.12.0",
    "jsr:@phughesmcr/partitionedbuffer@0.4": "0.4.0"
  },
  "jsr": {
    "@phughesmcr/bitpool@0.8.0": {
      "integrity": "b6ff60d15a6548d613786f3e895257d7e2a9216f5540bc3417814a6a913847f7",
      "dependencies": [
        "jsr:@phughesmcr/booleanarray"
      ]
    },
    "@phughesmcr/booleanarray@0.12.0": {
      "integrity": "76ff174fce3927354d9671b7ad11990351730d0db1204a4239cbdde27f00487a"
    },
    "@phughesmcr/partitionedbuffer@0.4.0": {
      "integrity": "c632180801d78eca94dc321de64e10aac618c9c1cf91f4ccd5d2a9bc7fd1ca5e",
      "dependencies": [
        "jsr:@phughesmcr/bitpool"
      ]
    }
  },
  "workspace": {
    "dependencies": [
      "jsr:@phughesmcr/bitpool@0.8",
      "jsr:@phughesmcr/booleanarray@0.12",
      "jsr:@phughesmcr/partitionedbuffer@0.4"
    ]
  }
}
